core:changelogs:
  - content: "---\npackages:\n  domainkit:\n    type: patch\n---\n\n## Call the default fetch as a free function\n\n`Transport.fromFetch` and `Resolver` resolve the default `fetch` from `globalThis` at call time and invoke it as a free function, so browsers no longer throw `Illegal invocation` when a host relies on the default fetch and a fetch polyfilled after construction is picked up.\n"
    filename: domainkit-transport-fetch-binding.md
    v: 0.0.0
core:packages:
  - id: npm:domainkit-workspace
    updated: false
  - id: npm:@domainkit/examples
    updated: false
  - id: npm:@domainkit/docs
    updated: false
  - changelogIds:
      - domainkit-transport-fetch-binding.md
    id: npm:domainkit
    updated: true
  - id: npm:@domainkit/react
    updated: true
  - id: npm:@domainkit/capsuledb
    updated: true
npm:packages:
  - id: npm:domainkit-workspace
  - id: npm:@domainkit/examples
  - id: npm:@domainkit/docs
  - id: npm:domainkit
  - id: npm:@domainkit/react
  - id: npm:@domainkit/capsuledb
