core:changelogs:
  - content: "---\npackages:\n  \"@domainkit/react\":\n    type: patch\n---\n\n## Show exact DNS operation values\n\nDisplay record values and optional priority in provisioning and cleanup reviews so users can inspect\nthe complete DNS mutation before authorizing it.\n"
    filename: react-operation-values.md
    v: 0.0.0
core:packages:
  - id: npm:domainkit-workspace
    updated: false
  - id: npm:domainkit
    updated: false
  - changelogIds:
      - react-operation-values.md
    id: npm:@domainkit/react
    updated: true
  - id: npm:@domainkit/docs
    updated: false
npm:packages:
  - id: npm:domainkit-workspace
  - id: npm:domainkit
  - id: npm:@domainkit/react
  - id: npm:@domainkit/docs
