core:changelogs:
  - content: "---\npackages:\n  domainkit:\n    type: minor\n---\n\n## A Vercel integration can start its install on another origin\n\n`Vercel.provider`'s `integration` settings take an optional `installOrigin`, the origin of the\ninstall page the browser is sent to. It defaults to `https://vercel.com`, so the flow still starts at\n`https://vercel.com/integrations/<slug>/new`:\n\n```ts\nVercel.provider({\n  baseUrl: \"http://localhost:4000/vercel\",\n  integration: {\n    clientId: \"emulated-client\",\n    clientSecret: Config.Redacted(\"VERCEL_CLIENT_SECRET\"),\n    slug: \"acme-domains\",\n    installOrigin: \"http://localhost:4000/vercel\",\n  },\n});\n```\n\nAn integration has one Redirect URL, so a development stage with its own origin cannot complete a\nreal install. With `installOrigin` and `baseUrl` pointed at an emulator, the whole install, the code\nexchange, and the DNS API run locally, the same way Cloudflare's `oauth.issuer` already moves its\nconsent page. The option is additive; a definition without it keeps its behaviour.\n"
    filename: vercel-install-origin.md
    v: 0.0.0
core:packages:
  - id: npm:domainkit-workspace
    updated: false
  - id: npm:@domainkit/examples
    updated: false
  - id: npm:@domainkit/docs
    updated: false
  - changelogIds:
      - vercel-install-origin.md
    id: npm:domainkit
    updated: true
  - id: npm:@domainkit/react
    updated: true
  - id: npm:@domainkit/capsuledb
    updated: true
npm:packages:
  - id: npm:domainkit-workspace
  - id: npm:@domainkit/examples
  - id: npm:@domainkit/docs
  - id: npm:domainkit
  - id: npm:@domainkit/react
  - id: npm:@domainkit/capsuledb
